
Microsoft Visual Studio Solution File, Format Version 12.00
# Visual Studio Version 16
VisualStudioVersion = 16.0.32126.315
MinimumVisualStudioVersion = 10.0.40219.1
Project("{FAE04EC0-301F-11D3-BF4B-00C04F79EFBC}") = "Primeiro", "Primeiro\Primeiro.csproj", "{1F7F936D-5DE7-476F-BA83-47B3B0E38B2C}"
EndProject
Global
	GlobalSection(SolutionConfigurationPlatforms) = preSolution
		Debug|Any CPU = Debug|Any CPU
		Release|Any CPU = Release|Any CPU
	EndGlobalSection
	GlobalSection(ProjectConfigurationPlatforms) = postSolution
		{1F7F936D-5DE7-476F-BA83-47B3B0E38B2C}.Debug|Any CPU.ActiveCfg = Debug|Any CPU
		{1F7F936D-5DE7-476F-BA83-47B3B0E38B2C}.Debug|Any CPU.Build.0 = Debug|Any CPU
		{1F7F936D-5DE7-476F-BA83-47B3B0E38B2C}.Release|Any CPU.ActiveCfg = Release|Any CPU
		{1F7F936D-5DE7-476F-BA83-47B3B0E38B2C}.Release|Any CPU.Build.0 = Release|Any CPU
	EndGlobalSection
	GlobalSection(SolutionProperties) = preSolution
		HideSolutionNode = FALSE
	EndGlobalSection
	GlobalSection(ExtensibilityGlobals) = postSolution
		SolutionGuid = {90311C26-DFA0-4F55-9FA8-89600FCF1392}
	EndGlobalSection
EndGlobal
