
Microsoft Visual Studio Solution File, Format Version 12.00
# Visual Studio Version 16
VisualStudioVersion = 16.0.32126.315
MinimumVisualStudioVersion = 10.0.40219.1
Project("{FAE04EC0-301F-11D3-BF4B-00C04F79EFBC}") = "ExercicioEntradaDados", "ExercicioEntradaDados\ExercicioEntradaDados.csproj", "{840863AE-D94B-42AB-ACEB-351509F0A4FE}"
EndProject
Global
	GlobalSection(SolutionConfigurationPlatforms) = preSolution
		Debug|Any CPU = Debug|Any CPU
		Release|Any CPU = Release|Any CPU
	EndGlobalSection
	GlobalSection(ProjectConfigurationPlatforms) = postSolution
		{840863AE-D94B-42AB-ACEB-351509F0A4FE}.Debug|Any CPU.ActiveCfg = Debug|Any CPU
		{840863AE-D94B-42AB-ACEB-351509F0A4FE}.Debug|Any CPU.Build.0 = Debug|Any CPU
		{840863AE-D94B-42AB-ACEB-351509F0A4FE}.Release|Any CPU.ActiveCfg = Release|Any CPU
		{840863AE-D94B-42AB-ACEB-351509F0A4FE}.Release|Any CPU.Build.0 = Release|Any CPU
	EndGlobalSection
	GlobalSection(SolutionProperties) = preSolution
		HideSolutionNode = FALSE
	EndGlobalSection
	GlobalSection(ExtensibilityGlobals) = postSolution
		SolutionGuid = {C72229D7-F04A-487A-A262-28DC2D52D864}
	EndGlobalSection
EndGlobal
